
Microsoft Visual Studio Solution File, Format Version 12.00
# Visual Studio Version 16
VisualStudioVersion = 16.0.31729.503
MinimumVisualStudioVersion = 10.0.40219.1
Project("{FAE04EC0-301F-11D3-BF4B-00C04F79EFBC}") = "hanoiTower2", "hanoiTower2.csproj", "{93D2A097-8785-496D-AA75-19CEA666D111}"
EndProject
Global
	GlobalSection(SolutionConfigurationPlatforms) = preSolution
		Debug|Any CPU = Debug|Any CPU
		Release|Any CPU = Release|Any CPU
	EndGlobalSection
	GlobalSection(ProjectConfigurationPlatforms) = postSolution
		{93D2A097-8785-496D-AA75-19CEA666D111}.Debug|Any CPU.ActiveCfg = Debug|Any CPU
		{93D2A097-8785-496D-AA75-19CEA666D111}.Debug|Any CPU.Build.0 = Debug|Any CPU
		{93D2A097-8785-496D-AA75-19CEA666D111}.Release|Any CPU.ActiveCfg = Release|Any CPU
		{93D2A097-8785-496D-AA75-19CEA666D111}.Release|Any CPU.Build.0 = Release|Any CPU
	EndGlobalSection
	GlobalSection(SolutionProperties) = preSolution
		HideSolutionNode = FALSE
	EndGlobalSection
	GlobalSection(ExtensibilityGlobals) = postSolution
		SolutionGuid = {0667E20A-7A45-4D22-8465-4E75ADA8AEB2}
	EndGlobalSection
EndGlobal
